
Microsoft Visual Studio Solution File, Format Version 12.00
# Visual Studio Version 16
VisualStudioVersion = 16.0.31829.152
MinimumVisualStudioVersion = 10.0.40219.1
Project("{FAE04EC0-301F-11D3-BF4B-00C04F79EFBC}") = "12.24.Cuma.WF", "12.24.Cuma.WF\12.24.Cuma.WF.csproj", "{9E2392A8-F0A8-4265-9A84-FA702E1519DA}"
EndProject
Project("{FAE04EC0-301F-11D3-BF4B-00C04F79EFBC}") = "WindowsFormsApp1", "WindowsFormsApp1\WindowsFormsApp1.csproj", "{0CA63525-6A69-4F24-A3F4-95997F94516A}"
EndProject
Project("{FAE04EC0-301F-11D3-BF4B-00C04F79EFBC}") = "WindowsFormsApp2", "WindowsFormsApp2\WindowsFormsApp2.csproj", "{FFBB7013-ABE4-46B5-A4B8-096B9686EA77}"
EndProject
Project("{FAE04EC0-301F-11D3-BF4B-00C04F79EFBC}") = "WindowsFormsApp3", "WindowsFormsApp3\WindowsFormsApp3.csproj", "{787403F3-659C-4CEC-9629-6A47D01C16FD}"
EndProject
Project("{FAE04EC0-301F-11D3-BF4B-00C04F79EFBC}") = "WindowsFormsApp4", "WindowsFormsApp4\WindowsFormsApp4.csproj", "{283BE00B-004D-4A44-ABCB-8C4FBBE7F40F}"
EndProject
Project("{FAE04EC0-301F-11D3-BF4B-00C04F79EFBC}") = "WindowsFormsApp5", "WindowsFormsApp5\WindowsFormsApp5.csproj", "{2E961BF3-CD8E-4357-9A6B-1C0B94909554}"
EndProject
Global
	GlobalSection(SolutionConfigurationPlatforms) = preSolution
		Debug|Any CPU = Debug|Any CPU
		Release|Any CPU = Release|Any CPU
	EndGlobalSection
	GlobalSection(ProjectConfigurationPlatforms) = postSolution
		{9E2392A8-F0A8-4265-9A84-FA702E1519DA}.Debug|Any CPU.ActiveCfg = Debug|Any CPU
		{9E2392A8-F0A8-4265-9A84-FA702E1519DA}.Debug|Any CPU.Build.0 = Debug|Any CPU
		{9E2392A8-F0A8-4265-9A84-FA702E1519DA}.Release|Any CPU.ActiveCfg = Release|Any CPU
		{9E2392A8-F0A8-4265-9A84-FA702E1519DA}.Release|Any CPU.Build.0 = Release|Any CPU
		{0CA63525-6A69-4F24-A3F4-95997F94516A}.Debug|Any CPU.ActiveCfg = Debug|Any CPU
		{0CA63525-6A69-4F24-A3F4-95997F94516A}.Debug|Any CPU.Build.0 = Debug|Any CPU
		{0CA63525-6A69-4F24-A3F4-95997F94516A}.Release|Any CPU.ActiveCfg = Release|Any CPU
		{0CA63525-6A69-4F24-A3F4-95997F94516A}.Release|Any CPU.Build.0 = Release|Any CPU
		{FFBB7013-ABE4-46B5-A4B8-096B9686EA77}.Debug|Any CPU.ActiveCfg = Debug|Any CPU
		{FFBB7013-ABE4-46B5-A4B8-096B9686EA77}.Debug|Any CPU.Build.0 = Debug|Any CPU
		{FFBB7013-ABE4-46B5-A4B8-096B9686EA77}.Release|Any CPU.ActiveCfg = Release|Any CPU
		{FFBB7013-ABE4-46B5-A4B8-096B9686EA77}.Release|Any CPU.Build.0 = Release|Any CPU
		{787403F3-659C-4CEC-9629-6A47D01C16FD}.Debug|Any CPU.ActiveCfg = Debug|Any CPU
		{787403F3-659C-4CEC-9629-6A47D01C16FD}.Debug|Any CPU.Build.0 = Debug|Any CPU
		{787403F3-659C-4CEC-9629-6A47D01C16FD}.Release|Any CPU.ActiveCfg = Release|Any CPU
		{787403F3-659C-4CEC-9629-6A47D01C16FD}.Release|Any CPU.Build.0 = Release|Any CPU
		{283BE00B-004D-4A44-ABCB-8C4FBBE7F40F}.Debug|Any CPU.ActiveCfg = Debug|Any CPU
		{283BE00B-004D-4A44-ABCB-8C4FBBE7F40F}.Debug|Any CPU.Build.0 = Debug|Any CPU
		{283BE00B-004D-4A44-ABCB-8C4FBBE7F40F}.Release|Any CPU.ActiveCfg = Release|Any CPU
		{283BE00B-004D-4A44-ABCB-8C4FBBE7F40F}.Release|Any CPU.Build.0 = Release|Any CPU
		{2E961BF3-CD8E-4357-9A6B-1C0B94909554}.Debug|Any CPU.ActiveCfg = Debug|Any CPU
		{2E961BF3-CD8E-4357-9A6B-1C0B94909554}.Debug|Any CPU.Build.0 = Debug|Any CPU
		{2E961BF3-CD8E-4357-9A6B-1C0B94909554}.Release|Any CPU.ActiveCfg = Release|Any CPU
		{2E961BF3-CD8E-4357-9A6B-1C0B94909554}.Release|Any CPU.Build.0 = Release|Any CPU
	EndGlobalSection
	GlobalSection(SolutionProperties) = preSolution
		HideSolutionNode = FALSE
	EndGlobalSection
	GlobalSection(ExtensibilityGlobals) = postSolution
		SolutionGuid = {90A40520-B293-4EEE-BD0F-4B31AFF17057}
	EndGlobalSection
EndGlobal
